
Microsoft Visual Studio Solution File, Format Version 12.00
# Visual Studio Version 17
VisualStudioVersion = 17.8.34322.80
MinimumVisualStudioVersion = 10.0.40219.1
Project("{FAE04EC0-301F-11D3-BF4B-00C04F79EFBC}") = "BuyStuff", "BuyStuff\BuyStuff.csproj", "{675DEC4A-367A-47AF-A893-BFBA75050E53}"
EndProject
Global
	GlobalSection(SolutionConfigurationPlatforms) = preSolution
		Debug|Any CPU = Debug|Any CPU
		Release|Any CPU = Release|Any CPU
	EndGlobalSection
	GlobalSection(ProjectConfigurationPlatforms) = postSolution
		{675DEC4A-367A-47AF-A893-BFBA75050E53}.Debug|Any CPU.ActiveCfg = Debug|Any CPU
		{675DEC4A-367A-47AF-A893-BFBA75050E53}.Debug|Any CPU.Build.0 = Debug|Any CPU
		{675DEC4A-367A-47AF-A893-BFBA75050E53}.Release|Any CPU.ActiveCfg = Release|Any CPU
		{675DEC4A-367A-47AF-A893-BFBA75050E53}.Release|Any CPU.Build.0 = Release|Any CPU
	EndGlobalSection
	GlobalSection(SolutionProperties) = preSolution
		HideSolutionNode = FALSE
	EndGlobalSection
	GlobalSection(ExtensibilityGlobals) = postSolution
		SolutionGuid = {32D17D45-A318-4736-BF07-C4D0B8C43387}
	EndGlobalSection
EndGlobal
